
Microsoft Visual Studio Solution File, Format Version 12.00
# Visual Studio Version 17
VisualStudioVersion = 17.0.32014.148
MinimumVisualStudioVersion = 10.0.40219.1
Project("{9A19103F-16F7-4668-BE54-9A1E7A4F7556}") = "BlazorAppCRUD", "BlazorAppCRUD\BlazorAppCRUD.csproj", "{74C26D73-4581-4355-A5C8-054D48F120A4}"
EndProject
Project("{2150E333-8FDC-42A3-9474-1A3956D46DE8}") = "SolutionItems", "SolutionItems", "{79D1683D-1DA1-4454-83F5-7B4D4574895F}"
	ProjectSection(SolutionItems) = preProject
		Database.txt = Database.txt
	EndProjectSection
EndProject
Global
	GlobalSection(SolutionConfigurationPlatforms) = preSolution
		Debug|Any CPU = Debug|Any CPU
		Release|Any CPU = Release|Any CPU
	EndGlobalSection
	GlobalSection(ProjectConfigurationPlatforms) = postSolution
		{74C26D73-4581-4355-A5C8-054D48F120A4}.Debug|Any CPU.ActiveCfg = Debug|Any CPU
		{74C26D73-4581-4355-A5C8-054D48F120A4}.Debug|Any CPU.Build.0 = Debug|Any CPU
		{74C26D73-4581-4355-A5C8-054D48F120A4}.Release|Any CPU.ActiveCfg = Release|Any CPU
		{74C26D73-4581-4355-A5C8-054D48F120A4}.Release|Any CPU.Build.0 = Release|Any CPU
	EndGlobalSection
	GlobalSection(SolutionProperties) = preSolution
		HideSolutionNode = FALSE
	EndGlobalSection
	GlobalSection(ExtensibilityGlobals) = postSolution
		SolutionGuid = {BF46DFC3-1C20-4C27-BACA-7AD174C51FF3}
	EndGlobalSection
EndGlobal
